
Microsoft Visual Studio Solution File, Format Version 12.00
# Visual Studio Version 17
VisualStudioVersion = 17.8.34408.163
MinimumVisualStudioVersion = 10.0.40219.1
Project("{FAE04EC0-301F-11D3-BF4B-00C04F79EFBC}") = "AOWebApp", "AOWebApp\AOWebApp.csproj", "{2AAD7529-9749-42BF-B1D8-F790E715C673}"
EndProject
Global
	GlobalSection(SolutionConfigurationPlatforms) = preSolution
		Debug|Any CPU = Debug|Any CPU
		Release|Any CPU = Release|Any CPU
	EndGlobalSection
	GlobalSection(ProjectConfigurationPlatforms) = postSolution
		{2AAD7529-9749-42BF-B1D8-F790E715C673}.Debug|Any CPU.ActiveCfg = Debug|Any CPU
		{2AAD7529-9749-42BF-B1D8-F790E715C673}.Debug|Any CPU.Build.0 = Debug|Any CPU
		{2AAD7529-9749-42BF-B1D8-F790E715C673}.Release|Any CPU.ActiveCfg = Release|Any CPU
		{2AAD7529-9749-42BF-B1D8-F790E715C673}.Release|Any CPU.Build.0 = Release|Any CPU
	EndGlobalSection
	GlobalSection(SolutionProperties) = preSolution
		HideSolutionNode = FALSE
	EndGlobalSection
	GlobalSection(ExtensibilityGlobals) = postSolution
		SolutionGuid = {9B154DD6-A18F-4632-816A-CD2208DDF81B}
	EndGlobalSection
EndGlobal
